
Microsoft Visual Studio Solution File, Format Version 12.00
# Visual Studio Version 17
VisualStudioVersion = 17.9.34622.214
MinimumVisualStudioVersion = 10.0.40219.1
Project("{FAE04EC0-301F-11D3-BF4B-00C04F79EFBC}") = "PREFINALS_AUTH_GATMAITAN_KAYEDARLEENE", "PREFINALS_AUTH_GATMAITAN_KAYEDARLEENE\PREFINALS_AUTH_GATMAITAN_KAYEDARLEENE.csproj", "{593B3E72-0004-4D2D-B547-9A485864ADBB}"
EndProject
Project("{FAE04EC0-301F-11D3-BF4B-00C04F79EFBC}") = "ProtectedApi", "ProtectedApi\ProtectedApi.csproj", "{B6CADD5C-EE1F-4CF9-9FF7-B69C63C9A73C}"
EndProject
Project("{FAE04EC0-301F-11D3-BF4B-00C04F79EFBC}") = "AuthServer", "AuthServer\AuthServer.csproj", "{98A7EBF1-7691-4B59-AE67-6A09D08A7421}"
EndProject
Global
	GlobalSection(SolutionConfigurationPlatforms) = preSolution
		Debug|Any CPU = Debug|Any CPU
		Release|Any CPU = Release|Any CPU
	EndGlobalSection
	GlobalSection(ProjectConfigurationPlatforms) = postSolution
		{593B3E72-0004-4D2D-B547-9A485864ADBB}.Debug|Any CPU.ActiveCfg = Debug|Any CPU
		{593B3E72-0004-4D2D-B547-9A485864ADBB}.Debug|Any CPU.Build.0 = Debug|Any CPU
		{593B3E72-0004-4D2D-B547-9A485864ADBB}.Release|Any CPU.ActiveCfg = Release|Any CPU
		{593B3E72-0004-4D2D-B547-9A485864ADBB}.Release|Any CPU.Build.0 = Release|Any CPU
		{B6CADD5C-EE1F-4CF9-9FF7-B69C63C9A73C}.Debug|Any CPU.ActiveCfg = Debug|Any CPU
		{B6CADD5C-EE1F-4CF9-9FF7-B69C63C9A73C}.Debug|Any CPU.Build.0 = Debug|Any CPU
		{B6CADD5C-EE1F-4CF9-9FF7-B69C63C9A73C}.Release|Any CPU.ActiveCfg = Release|Any CPU
		{B6CADD5C-EE1F-4CF9-9FF7-B69C63C9A73C}.Release|Any CPU.Build.0 = Release|Any CPU
		{98A7EBF1-7691-4B59-AE67-6A09D08A7421}.Debug|Any CPU.ActiveCfg = Debug|Any CPU
		{98A7EBF1-7691-4B59-AE67-6A09D08A7421}.Debug|Any CPU.Build.0 = Debug|Any CPU
		{98A7EBF1-7691-4B59-AE67-6A09D08A7421}.Release|Any CPU.ActiveCfg = Release|Any CPU
		{98A7EBF1-7691-4B59-AE67-6A09D08A7421}.Release|Any CPU.Build.0 = Release|Any CPU
	EndGlobalSection
	GlobalSection(SolutionProperties) = preSolution
		HideSolutionNode = FALSE
	EndGlobalSection
	GlobalSection(ExtensibilityGlobals) = postSolution
		SolutionGuid = {41AA6153-60E6-429B-B9D3-A02AB693D793}
	EndGlobalSection
EndGlobal
